// !$*UTF8*$!
{
	archiveVersion = 1;
	classes = {
	};
	objectVersion = 56;
	objects = {

/* Begin PBXBuildFile section */
		409D18732AC4295B002290DC /* tool_classifierApp.swift in Sources */ = {isa = PBXBuildFile; fileRef = 409D18722AC4295B002290DC /* tool_classifierApp.swift */; };
		409D18752AC4295B002290DC /* ContentView.swift in Sources */ = {isa = PBXBuildFile; fileRef = 409D18742AC4295B002290DC /* ContentView.swift */; };
		409D18772AC4295D002290DC /* Assets.xcassets in Resources */ = {isa = PBXBuildFile; fileRef = 409D18762AC4295D002290DC /* Assets.xcassets */; };
		409D187B2AC4295D002290DC /* Preview Assets.xcassets in Resources */ = {isa = PBXBuildFile; fileRef = 409D187A2AC4295D002290DC /* Preview Assets.xcassets */; };
		409D18852AC4295D002290DC /* tool_classifierTests.swift in Sources */ = {isa = PBXBuildFile; fileRef = 409D18842AC4295D002290DC /* tool_classifierTests.swift */; };
		409D188F2AC4295D002290DC /* tool_classifierUITests.swift in Sources */ = {isa = PBXBuildFile; fileRef = 409D188E2AC4295D002290DC /* tool_classifierUITests.swift */; };
		409D18912AC4295D002290DC /* tool_classifierUITestsLaunchTests.swift in Sources */ = {isa = PBXBuildFile; fileRef = 409D18902AC4295D002290DC /* tool_classifierUITestsLaunchTests.swift */; };
/* End PBXBuildFile section */

/* Begin PBXContainerItemProxy section */
		409D18812AC4295D002290DC /* PBXContainerItemProxy */ = {
			isa = PBXContainerItemProxy;
			containerPortal = 409D18672AC4295B002290DC /* Project object */;
			proxyType = 1;
			remoteGlobalIDString = 409D186E2AC4295B002290DC;
			remoteInfo = "tool-classifier";
		};
		409D188B2AC4295D002290DC /* PBXContainerItemProxy */ = {
			isa = PBXContainerItemProxy;
			containerPortal = 409D18672AC4295B002290DC /* Project object */;
			proxyType = 1;
			remoteGlobalIDString = 409D186E2AC4295B002290DC;
			remoteInfo = "tool-classifier";
		};
/* End PBXContainerItemProxy section */

/* Begin PBXFileReference section */
		409D186F2AC4295B002290DC /* tool-classifier.app */ = {isa = PBXFileReference; explicitFileType = wrapper.application; includeInIndex = 0; path = "tool-classifier.app"; sourceTree = BUILT_PRODUCTS_DIR; };
		409D18722AC4295B002290DC /* tool_classifierApp.swift */ = {isa = PBXFileReference; lastKnownFileType = sourcecode.swift; path = tool_classifierApp.swift; sourceTree = "<group>"; };
		409D18742AC4295B002290DC /* ContentView.swift */ = {isa = PBXFileReference; lastKnownFileType = sourcecode.swift; path = ContentView.swift; sourceTree = "<group>"; };
		409D18762AC4295D002290DC /* Assets.xcassets */ = {isa = PBXFileReference; lastKnownFileType = folder.assetcatalog; path = Assets.xcassets; sourceTree = "<group>"; };
		409D18782AC4295D002290DC /* tool_classifier.entitlements */ = {isa = PBXFileReference; lastKnownFileType = text.plist.entitlements; path = tool_classifier.entitlements; sourceTree = "<group>"; };
		409D187A2AC4295D002290DC /* Preview Assets.xcassets */ = {isa = PBXFileReference; lastKnownFileType = folder.assetcatalog; path = "Preview Assets.xcassets"; sourceTree = "<group>"; };
		409D18802AC4295D002290DC /* tool-classifierTests.xctest */ = {isa = PBXFileReference; explicitFileType = wrapper.cfbundle; includeInIndex = 0; path = "tool-classifierTests.xctest"; sourceTree = BUILT_PRODUCTS_DIR; };
		409D18842AC4295D002290DC /* tool_classifierTests.swift */ = {isa = PBXFileReference; lastKnownFileType = sourcecode.swift; path = tool_classifierTests.swift; sourceTree = "<group>"; };
		409D188A2AC4295D002290DC /* tool-classifierUITests.xctest */ = {isa = PBXFileReference; explicitFileType = wrapper.cfbundle; includeInIndex = 0; path = "tool-classifierUITests.xctest"; sourceTree = BUILT_PRODUCTS_DIR; };
		409D188E2AC4295D002290DC /* tool_classifierUITests.swift */ = {isa = PBXFileReference; lastKnownFileType = sourcecode.swift; path = tool_classifierUITests.swift; sourceTree = "<group>"; };
		409D18902AC4295D002290DC /* tool_classifierUITestsLaunchTests.swift */ = {isa = PBXFileReference; lastKnownFileType = sourcecode.swift; path = tool_classifierUITestsLaunchTests.swift; sourceTree = "<group>"; };
/* End PBXFileReference section */

/* Begin PBXFrameworksBuildPhase section */
		409D186C2AC4295B002290DC /* Frameworks */ = {
			isa = PBXFrameworksBuildPhase;
			buildActionMask = 2147483647;
			files = (
			);
			runOnlyForDeploymentPostprocessing = 0;
		};
		409D187D2AC4295D002290DC /* Frameworks */ = {
			isa = PBXFrameworksBuildPhase;
			buildActionMask = 2147483647;
			files = (
			);
			runOnlyForDeploymentPostprocessing = 0;
		};
		409D18872AC4295D002290DC /* Frameworks */ = {
			isa = PBXFrameworksBuildPhase;
			buildActionMask = 2147483647;
			files = (
			);
			runOnlyForDeploymentPostprocessing = 0;
		};
/* End PBXFrameworksBuildPhase section */

/* Begin PBXGroup section */
		409D18662AC4295B002290DC = {
			isa = PBXGroup;
			children = (
				409D18712AC4295B002290DC /* tool-classifier */,
				409D18832AC4295D002290DC /* tool-classifierTests */,
				409D188D2AC4295D002290DC /* tool-classifierUITests */,
				409D18702AC4295B002290DC /* Products */,
			);
			sourceTree = "<group>";
		};
		409D18702AC4295B002290DC /* Products */ = {
			isa = PBXGroup;
			children = (
				409D186F2AC4295B002290DC /* tool-classifier.app */,
				409D18802AC4295D002290DC /* tool-classifierTests.xctest */,
				409D188A2AC4295D002290DC /* tool-classifierUITests.xctest */,
			);
			name = Products;
			sourceTree = "<group>";
		};
		409D18712AC4295B002290DC /* tool-classifier */ = {
			isa = PBXGroup;
			children = (
				409D18722AC4295B002290DC /* tool_classifierApp.swift */,
				409D18742AC4295B002290DC /* ContentView.swift */,
				409D18762AC4295D002290DC /* Assets.xcassets */,
				409D18782AC4295D002290DC /* tool_classifier.entitlements */,
				409D18792AC4295D002290DC /* Preview Content */,
			);
			path = "tool-classifier";
			sourceTree = "<group>";
		};
		409D18792AC4295D002290DC /* Preview Content */ = {
			isa = PBXGroup;
			children = (
				409D187A2AC4295D002290DC /* Preview Assets.xcassets */,
			);
			path = "Preview Content";
			sourceTree = "<group>";
		};
		409D18832AC4295D002290DC /* tool-classifierTests */ = {
			isa = PBXGroup;
			children = (
				409D18842AC4295D002290DC /* tool_classifierTests.swift */,
			);
			path = "tool-classifierTests";
			sourceTree = "<group>";
		};
		409D188D2AC4295D002290DC /* tool-classifierUITests */ = {
			isa = PBXGroup;
			children = (
				409D188E2AC4295D002290DC /* tool_classifierUITests.swift */,
				409D18902AC4295D002290DC /* tool_classifierUITestsLaunchTests.swift */,
			);
			path = "tool-classifierUITests";
			sourceTree = "<group>";
		};
/* End PBXGroup section */

/* Begin PBXNativeTarget section */
		409D186E2AC4295B002290DC /* tool-classifier */ = {
			isa = PBXNativeTarget;
			buildConfigurationList = 409D18942AC4295D002290DC /* Build configuration list for PBXNativeTarget "tool-classifier" */;
			buildPhases = (
				409D186B2AC4295B002290DC /* Sources */,
				409D186C2AC4295B002290DC /* Frameworks */,
				409D186D2AC4295B002290DC /* Resources */,
			);
			buildRules = (
			);
			dependencies = (
			);
			name = "tool-classifier";
			productName = "tool-classifier";
			productReference = 409D186F2AC4295B002290DC /* tool-classifier.app */;
			productType = "com.apple.product-type.application";
		};
		409D187F2AC4295D002290DC /* tool-classifierTests */ = {
			isa = PBXNativeTarget;
			buildConfigurationList = 409D18972AC4295D002290DC /* Build configuration list for PBXNativeTarget "tool-classifierTests" */;
			buildPhases = (
				409D187C2AC4295D002290DC /* Sources */,
				409D187D2AC4295D002290DC /* Frameworks */,
				409D187E2AC4295D002290DC /* Resources */,
			);
			buildRules = (
			);
			dependencies = (
				409D18822AC4295D002290DC /* PBXTargetDependency */,
			);
			name = "tool-classifierTests";
			productName = "tool-classifierTests";
			productReference = 409D18802AC4295D002290DC /* tool-classifierTests.xctest */;
			productType = "com.apple.product-type.bundle.unit-test";
		};
		409D18892AC4295D002290DC /* tool-classifierUITests */ = {
			isa = PBXNativeTarget;
			buildConfigurationList = 409D189A2AC4295D002290DC /* Build configuration list for PBXNativeTarget "tool-classifierUITests" */;
			buildPhases = (
				409D18862AC4295D002290DC /* Sources */,
				409D18872AC4295D002290DC /* Frameworks */,
				409D18882AC4295D002290DC /* Resources */,
			);
			buildRules = (
			);
			dependencies = (
				409D188C2AC4295D002290DC /* PBXTargetDependency */,
			);
			name = "tool-classifierUITests";
			productName = "tool-classifierUITests";
			productReference = 409D188A2AC4295D002290DC /* tool-classifierUITests.xctest */;
			productType = "com.apple.product-type.bundle.ui-testing";
		};
/* End PBXNativeTarget section */

/* Begin PBXProject section */
		409D18672AC4295B002290DC /* Project object */ = {
			isa = PBXProject;
			attributes = {
				BuildIndependentTargetsInParallel = 1;
				LastSwiftUpdateCheck = 1430;
				LastUpgradeCheck = 1430;
				TargetAttributes = {
					409D186E2AC4295B002290DC = {
						CreatedOnToolsVersion = 14.3.1;
					};
					409D187F2AC4295D002290DC = {
						CreatedOnToolsVersion = 14.3.1;
						TestTargetID = 409D186E2AC4295B002290DC;
					};
					409D18892AC4295D002290DC = {
						CreatedOnToolsVersion = 14.3.1;
						TestTargetID = 409D186E2AC4295B002290DC;
					};
				};
			};
			buildConfigurationList = 409D186A2AC4295B002290DC /* Build configuration list for PBXProject "tool-classifier" */;
			compatibilityVersion = "Xcode 14.0";
			developmentRegion = en;
			hasScannedForEncodings = 0;
			knownRegions = (
				en,
				Base,
			);
			mainGroup = 409D18662AC4295B002290DC;
			productRefGroup = 409D18702AC4295B002290DC /* Products */;
			projectDirPath = "";
			projectRoot = "";
			targets = (
				409D186E2AC4295B002290DC /* tool-classifier */,
				409D187F2AC4295D002290DC /* tool-classifierTests */,
				409D18892AC4295D002290DC /* tool-classifierUITests */,
			);
		};
/* End PBXProject section */

/* Begin PBXResourcesBuildPhase section */
		409D186D2AC4295B002290DC /* Resources */ = {
			isa = PBXResourcesBuildPhase;
			buildActionMask = 2147483647;
			files = (
				409D187B2AC4295D002290DC /* Preview Assets.xcassets in Resources */,
				409D18772AC4295D002290DC /* Assets.xcassets in Resources */,
			);
			runOnlyForDeploymentPostprocessing = 0;
		};
		409D187E2AC4295D002290DC /* Resources */ = {
			isa = PBXResourcesBuildPhase;
			buildActionMask = 2147483647;
			files = (
			);
			runOnlyForDeploymentPostprocessing = 0;
		};
		409D18882AC4295D002290DC /* Resources */ = {
			isa = PBXResourcesBuildPhase;
			buildActionMask = 2147483647;
			files = (
			);
			runOnlyForDeploymentPostprocessing = 0;
		};
/* End PBXResourcesBuildPhase section */

/* Begin PBXSourcesBuildPhase section */
		409D186B2AC4295B002290DC /* Sources */ = {
			isa = PBXSourcesBuildPhase;
			buildActionMask = 2147483647;
			files = (
				409D18752AC4295B002290DC /* ContentView.swift in Sources */,
				409D18732AC4295B002290DC /* tool_classifierApp.swift in Sources */,
			);
			runOnlyForDeploymentPostprocessing = 0;
		};
		409D187C2AC4295D002290DC /* Sources */ = {
			isa = PBXSourcesBuildPhase;
			buildActionMask = 2147483647;
			files = (
				409D18852AC4295D002290DC /* tool_classifierTests.swift in Sources */,
			);
			runOnlyForDeploymentPostprocessing = 0;
		};
		409D18862AC4295D002290DC /* Sources */ = {
			isa = PBXSourcesBuildPhase;
			buildActionMask = 2147483647;
			files = (
				409D188F2AC4295D002290DC /* tool_classifierUITests.swift in Sources */,
				409D18912AC4295D002290DC /* tool_classifierUITestsLaunchTests.swift in Sources */,
			);
			runOnlyForDeploymentPostprocessing = 0;
		};
/* End PBXSourcesBuildPhase section */

/* Begin PBXTargetDependency section */
		409D18822AC4295D002290DC /* PBXTargetDependency */ = {
			isa = PBXTargetDependency;
			target = 409D186E2AC4295B002290DC /* tool-classifier */;
			targetProxy = 409D18812AC4295D002290DC /* PBXContainerItemProxy */;
		};
		409D188C2AC4295D002290DC /* PBXTargetDependency */ = {
			isa = PBXTargetDependency;
			target = 409D186E2AC4295B002290DC /* tool-classifier */;
			targetProxy = 409D188B2AC4295D002290DC /* PBXContainerItemProxy */;
		};
/* End PBXTargetDependency section */

/* Begin XCBuildConfiguration section */
		409D18922AC4295D002290DC /* Debug */ = {
			isa = XCBuildConfiguration;
			buildSettings = {
				ALWAYS_SEARCH_USER_PATHS = NO;
				CLANG_ANALYZER_NONNULL = YES;
				CLANG_ANALYZER_NUMBER_OBJECT_CONVERSION = YES_AGGRESSIVE;
				CLANG_CXX_LANGUAGE_STANDARD = "gnu++20";
				CLANG_ENABLE_MODULES = YES;
				CLANG_ENABLE_OBJC_ARC = YES;
				CLANG_ENABLE_OBJC_WEAK = YES;
				CLANG_WARN_BLOCK_CAPTURE_AUTORELEASING = YES;
				CLANG_WARN_BOOL_CONVERSION = YES;
				CLANG_WARN_COMMA = YES;
				CLANG_WARN_CONSTANT_CONVERSION = YES;
				CLANG_WARN_DEPRECATED_OBJC_IMPLEMENTATIONS = YES;
				CLANG_WARN_DIRECT_OBJC_ISA_USAGE = YES_ERROR;
				CLANG_WARN_DOCUMENTATION_COMMENTS = YES;
				CLANG_WARN_EMPTY_BODY = YES;
				CLANG_WARN_ENUM_CONVERSION = YES;
				CLANG_WARN_INFINITE_RECURSION = YES;
				CLANG_WARN_INT_CONVERSION = YES;
				CLANG_WARN_NON_LITERAL_NULL_CONVERSION = YES;
				CLANG_WARN_OBJC_IMPLICIT_RETAIN_SELF = YES;
				CLANG_WARN_OBJC_LITERAL_CONVERSION = YES;
				CLANG_WARN_OBJC_ROOT_CLASS = YES_ERROR;
				CLANG_WARN_QUOTED_INCLUDE_IN_FRAMEWORK_HEADER = YES;
				CLANG_WARN_RANGE_LOOP_ANALYSIS = YES;
				CLANG_WARN_STRICT_PROTOTYPES = YES;
				CLANG_WARN_SUSPICIOUS_MOVE = YES;
				CLANG_WARN_UNGUARDED_AVAILABILITY = YES_AGGRESSIVE;
				CLANG_WARN_UNREACHABLE_CODE = YES;
				CLANG_WARN__DUPLICATE_METHOD_MATCH = YES;
				COPY_PHASE_STRIP = NO;
				DEBUG_INFORMATION_FORMAT = dwarf;
				ENABLE_STRICT_OBJC_MSGSEND = YES;
				ENABLE_TESTABILITY = YES;
				GCC_C_LANGUAGE_STANDARD = gnu11;
				GCC_DYNAMIC_NO_PIC = NO;
				GCC_NO_COMMON_BLOCKS = YES;
				GCC_OPTIMIZATION_LEVEL = 0;
				GCC_PREPROCESSOR_DEFINITIONS = (
					"DEBUG=1",
					"$(inherited)",
				);
				GCC_WARN_64_TO_32_BIT_CONVERSION = YES;
				GCC_WARN_ABOUT_RETURN_TYPE = YES_ERROR;
				GCC_WARN_UNDECLARED_SELECTOR = YES;
				GCC_WARN_UNINITIALIZED_AUTOS = YES_AGGRESSIVE;
				GCC_WARN_UNUSED_FUNCTION = YES;
				GCC_WARN_UNUSED_VARIABLE = YES;
				MTL_ENABLE_DEBUG_INFO = INCLUDE_SOURCE;
				MTL_FAST_MATH = YES;
				ONLY_ACTIVE_ARCH = YES;
				SWIFT_ACTIVE_COMPILATION_CONDITIONS = DEBUG;
				SWIFT_OPTIMIZATION_LEVEL = "-Onone";
			};
			name = Debug;
		};
		409D18932AC4295D002290DC /* Release */ = {
			isa = XCBuildConfiguration;
			buildSettings = {
				ALWAYS_SEARCH_USER_PATHS = NO;
				CLANG_ANALYZER_NONNULL = YES;
				CLANG_ANALYZER_NUMBER_OBJECT_CONVERSION = YES_AGGRESSIVE;
				CLANG_CXX_LANGUAGE_STANDARD = "gnu++20";
				CLANG_ENABLE_MODULES = YES;
				CLANG_ENABLE_OBJC_ARC = YES;
				CLANG_ENABLE_OBJC_WEAK = YES;
				CLANG_WARN_BLOCK_CAPTURE_AUTORELEASING = YES;
				CLANG_WARN_BOOL_CONVERSION = YES;
				CLANG_WARN_COMMA = YES;
				CLANG_WARN_CONSTANT_CONVERSION = YES;
				CLANG_WARN_DEPRECATED_OBJC_IMPLEMENTATIONS = YES;
				CLANG_WARN_DIRECT_OBJC_ISA_USAGE = YES_ERROR;
				CLANG_WARN_DOCUMENTATION_COMMENTS = YES;
				CLANG_WARN_EMPTY_BODY = YES;
				CLANG_WARN_ENUM_CONVERSION = YES;
				CLANG_WARN_INFINITE_RECURSION = YES;
				CLANG_WARN_INT_CONVERSION = YES;
				CLANG_WARN_NON_LITERAL_NULL_CONVERSION = YES;
				CLANG_WARN_OBJC_IMPLICIT_RETAIN_SELF = YES;
				CLANG_WARN_OBJC_LITERAL_CONVERSION = YES;
				CLANG_WARN_OBJC_ROOT_CLASS = YES_ERROR;
				CLANG_WARN_QUOTED_INCLUDE_IN_FRAMEWORK_HEADER = YES;
				CLANG_WARN_RANGE_LOOP_ANALYSIS = YES;
				CLANG_WARN_STRICT_PROTOTYPES = YES;
				CLANG_WARN_SUSPICIOUS_MOVE = YES;
				CLANG_WARN_UNGUARDED_AVAILABILITY = YES_AGGRESSIVE;
				CLANG_WARN_UNREACHABLE_CODE = YES;
				CLANG_WARN__DUPLICATE_METHOD_MATCH = YES;
				COPY_PHASE_STRIP = NO;
				DEBUG_INFORMATION_FORMAT = "dwarf-with-dsym";
				ENABLE_NS_ASSERTIONS = NO;
				ENABLE_STRICT_OBJC_MSGSEND = YES;
				GCC_C_LANGUAGE_STANDARD = gnu11;
				GCC_NO_COMMON_BLOCKS = YES;
				GCC_WARN_64_TO_32_BIT_CONVERSION = YES;
				GCC_WARN_ABOUT_RETURN_TYPE = YES_ERROR;
				GCC_WARN_UNDECLARED_SELECTOR = YES;
				GCC_WARN_UNINITIALIZED_AUTOS = YES_AGGRESSIVE;
				GCC_WARN_UNUSED_FUNCTION = YES;
				GCC_WARN_UNUSED_VARIABLE = YES;
				MTL_ENABLE_DEBUG_INFO = NO;
				MTL_FAST_MATH = YES;
				SWIFT_COMPILATION_MODE = wholemodule;
				SWIFT_OPTIMIZATION_LEVEL = "-O";
			};
			name = Release;
		};
		409D18952AC4295D002290DC /* Debug */ = {
			isa = XCBuildConfiguration;
			buildSettings = {
				ASSETCATALOG_COMPILER_APPICON_NAME = AppIcon;
				ASSETCATALOG_COMPILER_GLOBAL_ACCENT_COLOR_NAME = AccentColor;
				CODE_SIGN_ENTITLEMENTS = "tool-classifier/tool_classifier.entitlements";
				CODE_SIGN_STYLE = Automatic;
				CURRENT_PROJECT_VERSION = 1;
				DEVELOPMENT_ASSET_PATHS = "\"tool-classifier/Preview Content\"";
				ENABLE_PREVIEWS = YES;
				GENERATE_INFOPLIST_FILE = YES;
				"INFOPLIST_KEY_UIApplicationSceneManifest_Generation[sdk=iphoneos*]" = YES;
				"INFOPLIST_KEY_UIApplicationSceneManifest_Generation[sdk=iphonesimulator*]" = YES;
				"INFOPLIST_KEY_UIApplicationSupportsIndirectInputEvents[sdk=iphoneos*]" = YES;
				"INFOPLIST_KEY_UIApplicationSupportsIndirectInputEvents[sdk=iphonesimulator*]" = YES;
				"INFOPLIST_KEY_UILaunchScreen_Generation[sdk=iphoneos*]" = YES;
				"INFOPLIST_KEY_UILaunchScreen_Generation[sdk=iphonesimulator*]" = YES;
				"INFOPLIST_KEY_UIStatusBarStyle[sdk=iphoneos*]" = UIStatusBarStyleDefault;
				"INFOPLIST_KEY_UIStatusBarStyle[sdk=iphonesimulator*]" = UIStatusBarStyleDefault;
				INFOPLIST_KEY_UISupportedInterfaceOrientations_iPad = "UIInterfaceOrientationPortrait UIInterfaceOrientationPortraitUpsideDown UIInterfaceOrientationLandscapeLeft UIInterfaceOrientationLandscapeRight";
				INFOPLIST_KEY_UISupportedInterfaceOrientations_iPhone = "UIInterfaceOrientationPortrait UIInterfaceOrientationLandscapeLeft UIInterfaceOrientationLandscapeRight";
				IPHONEOS_DEPLOYMENT_TARGET = 16.4;
				LD_RUNPATH_SEARCH_PATHS = "@executable_path/Frameworks";
				"LD_RUNPATH_SEARCH_PATHS[sdk=macosx*]" = "@executable_path/../Frameworks";
				MACOSX_DEPLOYMENT_TARGET = 13.3;
				MARKETING_VERSION = 1.0;
				PRODUCT_BUNDLE_IDENTIFIER = "com.mitc.tool-classifier";
				PRODUCT_NAME = "$(TARGET_NAME)";
				SDKROOT = auto;
				SUPPORTED_PLATFORMS = "iphoneos iphonesimulator macosx";
				SWIFT_EMIT_LOC_STRINGS = YES;
				SWIFT_VERSION = 5.0;
				TARGETED_DEVICE_FAMILY = "1,2";
			};
			name = Debug;
		};
		409D18962AC4295D002290DC /* Release */ = {
			isa = XCBuildConfiguration;
			buildSettings = {
				ASSETCATALOG_COMPILER_APPICON_NAME = AppIcon;
				ASSETCATALOG_COMPILER_GLOBAL_ACCENT_COLOR_NAME = AccentColor;
				CODE_SIGN_ENTITLEMENTS = "tool-classifier/tool_classifier.entitlements";
				CODE_SIGN_STYLE = Automatic;
				CURRENT_PROJECT_VERSION = 1;
				DEVELOPMENT_ASSET_PATHS = "\"tool-classifier/Preview Content\"";
				ENABLE_PREVIEWS = YES;
				GENERATE_INFOPLIST_FILE = YES;
				"INFOPLIST_KEY_UIApplicationSceneManifest_Generation[sdk=iphoneos*]" = YES;
				"INFOPLIST_KEY_UIApplicationSceneManifest_Generation[sdk=iphonesimulator*]" = YES;
				"INFOPLIST_KEY_UIApplicationSupportsIndirectInputEvents[sdk=iphoneos*]" = YES;
				"INFOPLIST_KEY_UIApplicationSupportsIndirectInputEvents[sdk=iphonesimulator*]" = YES;
				"INFOPLIST_KEY_UILaunchScreen_Generation[sdk=iphoneos*]" = YES;
				"INFOPLIST_KEY_UILaunchScreen_Generation[sdk=iphonesimulator*]" = YES;
				"INFOPLIST_KEY_UIStatusBarStyle[sdk=iphoneos*]" = UIStatusBarStyleDefault;
				"INFOPLIST_KEY_UIStatusBarStyle[sdk=iphonesimulator*]" = UIStatusBarStyleDefault;
				INFOPLIST_KEY_UISupportedInterfaceOrientations_iPad = "UIInterfaceOrientationPortrait UIInterfaceOrientationPortraitUpsideDown UIInterfaceOrientationLandscapeLeft UIInterfaceOrientationLandscapeRight";
				INFOPLIST_KEY_UISupportedInterfaceOrientations_iPhone = "UIInterfaceOrientationPortrait UIInterfaceOrientationLandscapeLeft UIInterfaceOrientationLandscapeRight";
				IPHONEOS_DEPLOYMENT_TARGET = 16.4;
				LD_RUNPATH_SEARCH_PATHS = "@executable_path/Frameworks";
				"LD_RUNPATH_SEARCH_PATHS[sdk=macosx*]" = "@executable_path/../Frameworks";
				MACOSX_DEPLOYMENT_TARGET = 13.3;
				MARKETING_VERSION = 1.0;
				PRODUCT_BUNDLE_IDENTIFIER = "com.mitc.tool-classifier";
				PRODUCT_NAME = "$(TARGET_NAME)";
				SDKROOT = auto;
				SUPPORTED_PLATFORMS = "iphoneos iphonesimulator macosx";
				SWIFT_EMIT_LOC_STRINGS = YES;
				SWIFT_VERSION = 5.0;
				TARGETED_DEVICE_FAMILY = "1,2";
			};
			name = Release;
		};
		409D18982AC4295D002290DC /* Debug */ = {
			isa = XCBuildConfiguration;
			buildSettings = {
				ALWAYS_EMBED_SWIFT_STANDARD_LIBRARIES = YES;
				BUNDLE_LOADER = "$(TEST_HOST)";
				CODE_SIGN_STYLE = Automatic;
				CURRENT_PROJECT_VERSION = 1;
				GENERATE_INFOPLIST_FILE = YES;
				IPHONEOS_DEPLOYMENT_TARGET = 16.4;
				MACOSX_DEPLOYMENT_TARGET = 13.3;
				MARKETING_VERSION = 1.0;
				PRODUCT_BUNDLE_IDENTIFIER = "com.mitc.tool-classifierTests";
				PRODUCT_NAME = "$(TARGET_NAME)";
				SDKROOT = auto;
				SUPPORTED_PLATFORMS = "iphoneos iphonesimulator macosx";
				SWIFT_EMIT_LOC_STRINGS = NO;
				SWIFT_VERSION = 5.0;
				TARGETED_DEVICE_FAMILY = "1,2";
				TEST_HOST = "$(BUILT_PRODUCTS_DIR)/tool-classifier.app/$(BUNDLE_EXECUTABLE_FOLDER_PATH)/tool-classifier";
			};
			name = Debug;
		};
		409D18992AC4295D002290DC /* Release */ = {
			isa = XCBuildConfiguration;
			buildSettings = {
				ALWAYS_EMBED_SWIFT_STANDARD_LIBRARIES = YES;
				BUNDLE_LOADER = "$(TEST_HOST)";
				CODE_SIGN_STYLE = Automatic;
				CURRENT_PROJECT_VERSION = 1;
				GENERATE_INFOPLIST_FILE = YES;
				IPHONEOS_DEPLOYMENT_TARGET = 16.4;
				MACOSX_DEPLOYMENT_TARGET = 13.3;
				MARKETING_VERSION = 1.0;
				PRODUCT_BUNDLE_IDENTIFIER = "com.mitc.tool-classifierTests";
				PRODUCT_NAME = "$(TARGET_NAME)";
				SDKROOT = auto;
				SUPPORTED_PLATFORMS = "iphoneos iphonesimulator macosx";
				SWIFT_EMIT_LOC_STRINGS = NO;
				SWIFT_VERSION = 5.0;
				TARGETED_DEVICE_FAMILY = "1,2";
				TEST_HOST = "$(BUILT_PRODUCTS_DIR)/tool-classifier.app/$(BUNDLE_EXECUTABLE_FOLDER_PATH)/tool-classifier";
			};
			name = Release;
		};
		409D189B2AC4295D002290DC /* Debug */ = {
			isa = XCBuildConfiguration;
			buildSettings = {
				ALWAYS_EMBED_SWIFT_STANDARD_LIBRARIES = YES;
				CODE_SIGN_STYLE = Automatic;
				CURRENT_PROJECT_VERSION = 1;
				GENERATE_INFOPLIST_FILE = YES;
				IPHONEOS_DEPLOYMENT_TARGET = 16.4;
				MACOSX_DEPLOYMENT_TARGET = 13.3;
				MARKETING_VERSION = 1.0;
				PRODUCT_BUNDLE_IDENTIFIER = "com.mitc.tool-classifierUITests";
				PRODUCT_NAME = "$(TARGET_NAME)";
				SDKROOT = auto;
				SUPPORTED_PLATFORMS = "iphoneos iphonesimulator macosx";
				SWIFT_EMIT_LOC_STRINGS = NO;
				SWIFT_VERSION = 5.0;
				TARGETED_DEVICE_FAMILY = "1,2";
				TEST_TARGET_NAME = "tool-classifier";
			};
			name = Debug;
		};
		409D189C2AC4295D002290DC /* Release */ = {
			isa = XCBuildConfiguration;
			buildSettings = {
				ALWAYS_EMBED_SWIFT_STANDARD_LIBRARIES = YES;
				CODE_SIGN_STYLE = Automatic;
				CURRENT_PROJECT_VERSION = 1;
				GENERATE_INFOPLIST_FILE = YES;
				IPHONEOS_DEPLOYMENT_TARGET = 16.4;
				MACOSX_DEPLOYMENT_TARGET = 13.3;
				MARKETING_VERSION = 1.0;
				PRODUCT_BUNDLE_IDENTIFIER = "com.mitc.tool-classifierUITests";
				PRODUCT_NAME = "$(TARGET_NAME)";
				SDKROOT = auto;
				SUPPORTED_PLATFORMS = "iphoneos iphonesimulator macosx";
				SWIFT_EMIT_LOC_STRINGS = NO;
				SWIFT_VERSION = 5.0;
				TARGETED_DEVICE_FAMILY = "1,2";
				TEST_TARGET_NAME = "tool-classifier";
			};
			name = Release;
		};
/* End XCBuildConfiguration section */

/* Begin XCConfigurationList section */
		409D186A2AC4295B002290DC /* Build configuration list for PBXProject "tool-classifier" */ = {
			isa = XCConfigurationList;
			buildConfigurations = (
				409D18922AC4295D002290DC /* Debug */,
				409D18932AC4295D002290DC /* Release */,
			);
			defaultConfigurationIsVisible = 0;
			defaultConfigurationName = Release;
		};
		409D18942AC4295D002290DC /* Build configuration list for PBXNativeTarget "tool-classifier" */ = {
			isa = XCConfigurationList;
			buildConfigurations = (
				409D18952AC4295D002290DC /* Debug */,
				409D18962AC4295D002290DC /* Release */,
			);
			defaultConfigurationIsVisible = 0;
			defaultConfigurationName = Release;
		};
		409D18972AC4295D002290DC /* Build configuration list for PBXNativeTarget "tool-classifierTests" */ = {
			isa = XCConfigurationList;
			buildConfigurations = (
				409D18982AC4295D002290DC /* Debug */,
				409D18992AC4295D002290DC /* Release */,
			);
			defaultConfigurationIsVisible = 0;
			defaultConfigurationName = Release;
		};
		409D189A2AC4295D002290DC /* Build configuration list for PBXNativeTarget "tool-classifierUITests" */ = {
			isa = XCConfigurationList;
			buildConfigurations = (
				409D189B2AC4295D002290DC /* Debug */,
				409D189C2AC4295D002290DC /* Release */,
			);
			defaultConfigurationIsVisible = 0;
			defaultConfigurationName = Release;
		};
/* End XCConfigurationList section */
	};
	rootObject = 409D18672AC4295B002290DC /* Project object */;
}
